// !$*UTF8*$!
{
	archiveVersion = 1;
	classes = {
	};
	objectVersion = 50;
	objects = {

/* Begin PBXBuildFile section */
		74391899250A17C100EC1027 /* AppDelegate.swift in Sources */ = {isa = PBXBuildFile; fileRef = 74391898250A17C100EC1027 /* AppDelegate.swift */; };
		7439189B250A17C100EC1027 /* SceneDelegate.swift in Sources */ = {isa = PBXBuildFile; fileRef = 7439189A250A17C100EC1027 /* SceneDelegate.swift */; };
		7439189D250A17C100EC1027 /* ViewController.swift in Sources */ = {isa = PBXBuildFile; fileRef = 7439189C250A17C100EC1027 /* ViewController.swift */; };
		743918A0250A17C100EC1027 /* Main.storyboard in Resources */ = {isa = PBXBuildFile; fileRef = 7439189E250A17C100EC1027 /* Main.storyboard */; };
		743918A2250A17C400EC1027 /* Assets.xcassets in Resources */ = {isa = PBXBuildFile; fileRef = 743918A1250A17C400EC1027 /* Assets.xcassets */; };
		743918A5250A17C400EC1027 /* LaunchScreen.storyboard in Resources */ = {isa = PBXBuildFile; fileRef = 743918A3250A17C400EC1027 /* LaunchScreen.storyboard */; };
		743918B0250A17C400EC1027 /* tipTests.swift in Sources */ = {isa = PBXBuildFile; fileRef = 743918AF250A17C400EC1027 /* tipTests.swift */; };
		743918BB250A17C400EC1027 /* tipUITests.swift in Sources */ = {isa = PBXBuildFile; fileRef = 743918BA250A17C400EC1027 /* tipUITests.swift */; };
/* End PBXBuildFile section */

/* Begin PBXContainerItemProxy section */
		743918AC250A17C400EC1027 /* PBXContainerItemProxy */ = {
			isa = PBXContainerItemProxy;
			containerPortal = 7439188D250A17C100EC1027 /* Project object */;
			proxyType = 1;
			remoteGlobalIDString = 74391894250A17C100EC1027;
			remoteInfo = tip;
		};
		743918B7250A17C400EC1027 /* PBXContainerItemProxy */ = {
			isa = PBXContainerItemProxy;
			containerPortal = 7439188D250A17C100EC1027 /* Project object */;
			proxyType = 1;
			remoteGlobalIDString = 74391894250A17C100EC1027;
			remoteInfo = tip;
		};
/* End PBXContainerItemProxy section */

/* Begin PBXFileReference section */
		74391895250A17C100EC1027 /* tip.app */ = {isa = PBXFileReference; explicitFileType = wrapper.application; includeInIndex = 0; path = tip.app; sourceTree = BUILT_PRODUCTS_DIR; };
		74391898250A17C100EC1027 /* AppDelegate.swift */ = {isa = PBXFileReference; lastKnownFileType = sourcecode.swift; path = AppDelegate.swift; sourceTree = "<group>"; };
		7439189A250A17C100EC1027 /* SceneDelegate.swift */ = {isa = PBXFileReference; lastKnownFileType = sourcecode.swift; path = SceneDelegate.swift; sourceTree = "<group>"; };
		7439189C250A17C100EC1027 /* ViewController.swift */ = {isa = PBXFileReference; lastKnownFileType = sourcecode.swift; path = ViewController.swift; sourceTree = "<group>"; };
		7439189F250A17C100EC1027 /* Base */ = {isa = PBXFileReference; lastKnownFileType = file.storyboard; name = Base; path = Base.lproj/Main.storyboard; sourceTree = "<group>"; };
		743918A1250A17C400EC1027 /* Assets.xcassets */ = {isa = PBXFileReference; lastKnownFileType = folder.assetcatalog; path = Assets.xcassets; sourceTree = "<group>"; };
		743918A4250A17C400EC1027 /* Base */ = {isa = PBXFileReference; lastKnownFileType = file.storyboard; name = Base; path = Base.lproj/LaunchScreen.storyboard; sourceTree = "<group>"; };
		743918A6250A17C400EC1027 /* Info.plist */ = {isa = PBXFileReference; lastKnownFileType = text.plist.xml; path = Info.plist; sourceTree = "<group>"; };
		743918AB250A17C400EC1027 /* tipTests.xctest */ = {isa = PBXFileReference; explicitFileType = wrapper.cfbundle; includeInIndex = 0; path = tipTests.xctest; sourceTree = BUILT_PRODUCTS_DIR; };
		743918AF250A17C400EC1027 /* tipTests.swift */ = {isa = PBXFileReference; lastKnownFileType = sourcecode.swift; path = tipTests.swift; sourceTree = "<group>"; };
		743918B1250A17C400EC1027 /* Info.plist */ = {isa = PBXFileReference; lastKnownFileType = text.plist.xml; path = Info.plist; sourceTree = "<group>"; };
		743918B6250A17C400EC1027 /* tipUITests.xctest */ = {isa = PBXFileReference; explicitFileType = wrapper.cfbundle; includeInIndex = 0; path = tipUITests.xctest; sourceTree = BUILT_PRODUCTS_DIR; };
		743918BA250A17C400EC1027 /* tipUITests.swift */ = {isa = PBXFileReference; lastKnownFileType = sourcecode.swift; path = tipUITests.swift; sourceTree = "<group>"; };
		743918BC250A17C400EC1027 /* Info.plist */ = {isa = PBXFileReference; lastKnownFileType = text.plist.xml; path = Info.plist; sourceTree = "<group>"; };
/* End PBXFileReference section */

/* Begin PBXFrameworksBuildPhase section */
		74391892250A17C100EC1027 /* Frameworks */ = {
			isa = PBXFrameworksBuildPhase;
			buildActionMask = 2147483647;
			files = (
			);
			runOnlyForDeploymentPostprocessing = 0;
		};
		743918A8250A17C400EC1027 /* Frameworks */ = {
			isa = PBXFrameworksBuildPhase;
			buildActionMask = 2147483647;
			files = (
			);
			runOnlyForDeploymentPostprocessing = 0;
		};
		743918B3250A17C400EC1027 /* Frameworks */ = {
			isa = PBXFrameworksBuildPhase;
			buildActionMask = 2147483647;
			files = (
			);
			runOnlyForDeploymentPostprocessing = 0;
		};
/* End PBXFrameworksBuildPhase section */

/* Begin PBXGroup section */
		7439188C250A17C100EC1027 = {
			isa = PBXGroup;
			children = (
				74391897250A17C100EC1027 /* tip */,
				743918AE250A17C400EC1027 /* tipTests */,
				743918B9250A17C400EC1027 /* tipUITests */,
				74391896250A17C100EC1027 /* Products */,
			);
			sourceTree = "<group>";
		};
		74391896250A17C100EC1027 /* Products */ = {
			isa = PBXGroup;
			children = (
				74391895250A17C100EC1027 /* tip.app */,
				743918AB250A17C400EC1027 /* tipTests.xctest */,
				743918B6250A17C400EC1027 /* tipUITests.xctest */,
			);
			name = Products;
			sourceTree = "<group>";
		};
		74391897250A17C100EC1027 /* tip */ = {
			isa = PBXGroup;
			children = (
				74391898250A17C100EC1027 /* AppDelegate.swift */,
				7439189A250A17C100EC1027 /* SceneDelegate.swift */,
				7439189C250A17C100EC1027 /* ViewController.swift */,
				7439189E250A17C100EC1027 /* Main.storyboard */,
				743918A1250A17C400EC1027 /* Assets.xcassets */,
				743918A3250A17C400EC1027 /* LaunchScreen.storyboard */,
				743918A6250A17C400EC1027 /* Info.plist */,
			);
			path = tip;
			sourceTree = "<group>";
		};
		743918AE250A17C400EC1027 /* tipTests */ = {
			isa = PBXGroup;
			children = (
				743918AF250A17C400EC1027 /* tipTests.swift */,
				743918B1250A17C400EC1027 /* Info.plist */,
			);
			path = tipTests;
			sourceTree = "<group>";
		};
		743918B9250A17C400EC1027 /* tipUITests */ = {
			isa = PBXGroup;
			children = (
				743918BA250A17C400EC1027 /* tipUITests.swift */,
				743918BC250A17C400EC1027 /* Info.plist */,
			);
			path = tipUITests;
			sourceTree = "<group>";
		};
/* End PBXGroup section */

/* Begin PBXNativeTarget section */
		74391894250A17C100EC1027 /* tip */ = {
			isa = PBXNativeTarget;
			buildConfigurationList = 743918BF250A17C400EC1027 /* Build configuration list for PBXNativeTarget "tip" */;
			buildPhases = (
				74391891250A17C100EC1027 /* Sources */,
				74391892250A17C100EC1027 /* Frameworks */,
				74391893250A17C100EC1027 /* Resources */,
			);
			buildRules = (
			);
			dependencies = (
			);
			name = tip;
			productName = tip;
			productReference = 74391895250A17C100EC1027 /* tip.app */;
			productType = "com.apple.product-type.application";
		};
		743918AA250A17C400EC1027 /* tipTests */ = {
			isa = PBXNativeTarget;
			buildConfigurationList = 743918C2250A17C400EC1027 /* Build configuration list for PBXNativeTarget "tipTests" */;
			buildPhases = (
				743918A7250A17C400EC1027 /* Sources */,
				743918A8250A17C400EC1027 /* Frameworks */,
				743918A9250A17C400EC1027 /* Resources */,
			);
			buildRules = (
			);
			dependencies = (
				743918AD250A17C400EC1027 /* PBXTargetDependency */,
			);
			name = tipTests;
			productName = tipTests;
			productReference = 743918AB250A17C400EC1027 /* tipTests.xctest */;
			productType = "com.apple.product-type.bundle.unit-test";
		};
		743918B5250A17C400EC1027 /* tipUITests */ = {
			isa = PBXNativeTarget;
			buildConfigurationList = 743918C5250A17C400EC1027 /* Build configuration list for PBXNativeTarget "tipUITests" */;
			buildPhases = (
				743918B2250A17C400EC1027 /* Sources */,
				743918B3250A17C400EC1027 /* Frameworks */,
				743918B4250A17C400EC1027 /* Resources */,
			);
			buildRules = (
			);
			dependencies = (
				743918B8250A17C400EC1027 /* PBXTargetDependency */,
			);
			name = tipUITests;
			productName = tipUITests;
			productReference = 743918B6250A17C400EC1027 /* tipUITests.xctest */;
			productType = "com.apple.product-type.bundle.ui-testing";
		};
/* End PBXNativeTarget section */

/* Begin PBXProject section */
		7439188D250A17C100EC1027 /* Project object */ = {
			isa = PBXProject;
			attributes = {
				LastSwiftUpdateCheck = 1160;
				LastUpgradeCheck = 1160;
				ORGANIZATIONNAME = Codepath;
				TargetAttributes = {
					74391894250A17C100EC1027 = {
						CreatedOnToolsVersion = 11.6;
					};
					743918AA250A17C400EC1027 = {
						CreatedOnToolsVersion = 11.6;
						TestTargetID = 74391894250A17C100EC1027;
					};
					743918B5250A17C400EC1027 = {
						CreatedOnToolsVersion = 11.6;
						TestTargetID = 74391894250A17C100EC1027;
					};
				};
			};
			buildConfigurationList = 74391890250A17C100EC1027 /* Build configuration list for PBXProject "tip" */;
			compatibilityVersion = "Xcode 9.3";
			developmentRegion = en;
			hasScannedForEncodings = 0;
			knownRegions = (
				en,
				Base,
			);
			mainGroup = 7439188C250A17C100EC1027;
			productRefGroup = 74391896250A17C100EC1027 /* Products */;
			projectDirPath = "";
			projectRoot = "";
			targets = (
				74391894250A17C100EC1027 /* tip */,
				743918AA250A17C400EC1027 /* tipTests */,
				743918B5250A17C400EC1027 /* tipUITests */,
			);
		};
/* End PBXProject section */

/* Begin PBXResourcesBuildPhase section */
		74391893250A17C100EC1027 /* Resources */ = {
			isa = PBXResourcesBuildPhase;
			buildActionMask = 2147483647;
			files = (
				743918A5250A17C400EC1027 /* LaunchScreen.storyboard in Resources */,
				743918A2250A17C400EC1027 /* Assets.xcassets in Resources */,
				743918A0250A17C100EC1027 /* Main.storyboard in Resources */,
			);
			runOnlyForDeploymentPostprocessing = 0;
		};
		743918A9250A17C400EC1027 /* Resources */ = {
			isa = PBXResourcesBuildPhase;
			buildActionMask = 2147483647;
			files = (
			);
			runOnlyForDeploymentPostprocessing = 0;
		};
		743918B4250A17C400EC1027 /* Resources */ = {
			isa = PBXResourcesBuildPhase;
			buildActionMask = 2147483647;
			files = (
			);
			runOnlyForDeploymentPostprocessing = 0;
		};
/* End PBXResourcesBuildPhase section */

/* Begin PBXSourcesBuildPhase section */
		74391891250A17C100EC1027 /* Sources */ = {
			isa = PBXSourcesBuildPhase;
			buildActionMask = 2147483647;
			files = (
				7439189D250A17C100EC1027 /* ViewController.swift in Sources */,
				74391899250A17C100EC1027 /* AppDelegate.swift in Sources */,
				7439189B250A17C100EC1027 /* SceneDelegate.swift in Sources */,
			);
			runOnlyForDeploymentPostprocessing = 0;
		};
		743918A7250A17C400EC1027 /* Sources */ = {
			isa = PBXSourcesBuildPhase;
			buildActionMask = 2147483647;
			files = (
				743918B0250A17C400EC1027 /* tipTests.swift in Sources */,
			);
			runOnlyForDeploymentPostprocessing = 0;
		};
		743918B2250A17C400EC1027 /* Sources */ = {
			isa = PBXSourcesBuildPhase;
			buildActionMask = 2147483647;
			files = (
				743918BB250A17C400EC1027 /* tipUITests.swift in Sources */,
			);
			runOnlyForDeploymentPostprocessing = 0;
		};
/* End PBXSourcesBuildPhase section */

/* Begin PBXTargetDependency section */
		743918AD250A17C400EC1027 /* PBXTargetDependency */ = {
			isa = PBXTargetDependency;
			target = 74391894250A17C100EC1027 /* tip */;
			targetProxy = 743918AC250A17C400EC1027 /* PBXContainerItemProxy */;
		};
		743918B8250A17C400EC1027 /* PBXTargetDependency */ = {
			isa = PBXTargetDependency;
			target = 74391894250A17C100EC1027 /* tip */;
			targetProxy = 743918B7250A17C400EC1027 /* PBXContainerItemProxy */;
		};
/* End PBXTargetDependency section */

/* Begin PBXVariantGroup section */
		7439189E250A17C100EC1027 /* Main.storyboard */ = {
			isa = PBXVariantGroup;
			children = (
				7439189F250A17C100EC1027 /* Base */,
			);
			name = Main.storyboard;
			sourceTree = "<group>";
		};
		743918A3250A17C400EC1027 /* LaunchScreen.storyboard */ = {
			isa = PBXVariantGroup;
			children = (
				743918A4250A17C400EC1027 /* Base */,
			);
			name = LaunchScreen.storyboard;
			sourceTree = "<group>";
		};
/* End PBXVariantGroup section */

/* Begin XCBuildConfiguration section */
		743918BD250A17C400EC1027 /* Debug */ = {
			isa = XCBuildConfiguration;
			buildSettings = {
				ALWAYS_SEARCH_USER_PATHS = NO;
				CLANG_ANALYZER_NONNULL = YES;
				CLANG_ANALYZER_NUMBER_OBJECT_CONVERSION = YES_AGGRESSIVE;
				CLANG_CXX_LANGUAGE_STANDARD = "gnu++14";
				CLANG_CXX_LIBRARY = "libc++";
				CLANG_ENABLE_MODULES = YES;
				CLANG_ENABLE_OBJC_ARC = YES;
				CLANG_ENABLE_OBJC_WEAK = YES;
				CLANG_WARN_BLOCK_CAPTURE_AUTORELEASING = YES;
				CLANG_WARN_BOOL_CONVERSION = YES;
				CLANG_WARN_COMMA = YES;
				CLANG_WARN_CONSTANT_CONVERSION = YES;
				CLANG_WARN_DEPRECATED_OBJC_IMPLEMENTATIONS = YES;
				CLANG_WARN_DIRECT_OBJC_ISA_USAGE = YES_ERROR;
				CLANG_WARN_DOCUMENTATION_COMMENTS = YES;
				CLANG_WARN_EMPTY_BODY = YES;
				CLANG_WARN_ENUM_CONVERSION = YES;
				CLANG_WARN_INFINITE_RECURSION = YES;
				CLANG_WARN_INT_CONVERSION = YES;
				CLANG_WARN_NON_LITERAL_NULL_CONVERSION = YES;
				CLANG_WARN_OBJC_IMPLICIT_RETAIN_SELF = YES;
				CLANG_WARN_OBJC_LITERAL_CONVERSION = YES;
				CLANG_WARN_OBJC_ROOT_CLASS = YES_ERROR;
				CLANG_WARN_RANGE_LOOP_ANALYSIS = YES;
				CLANG_WARN_STRICT_PROTOTYPES = YES;
				CLANG_WARN_SUSPICIOUS_MOVE = YES;
				CLANG_WARN_UNGUARDED_AVAILABILITY = YES_AGGRESSIVE;
				CLANG_WARN_UNREACHABLE_CODE = YES;
				CLANG_WARN__DUPLICATE_METHOD_MATCH = YES;
				COPY_PHASE_STRIP = NO;
				DEBUG_INFORMATION_FORMAT = dwarf;
				ENABLE_STRICT_OBJC_MSGSEND = YES;
				ENABLE_TESTABILITY = YES;
				GCC_C_LANGUAGE_STANDARD = gnu11;
				GCC_DYNAMIC_NO_PIC = NO;
				GCC_NO_COMMON_BLOCKS = YES;
				GCC_OPTIMIZATION_LEVEL = 0;
				GCC_PREPROCESSOR_DEFINITIONS = (
					"DEBUG=1",
					"$(inherited)",
				);
				GCC_WARN_64_TO_32_BIT_CONVERSION = YES;
				GCC_WARN_ABOUT_RETURN_TYPE = YES_ERROR;
				GCC_WARN_UNDECLARED_SELECTOR = YES;
				GCC_WARN_UNINITIALIZED_AUTOS = YES_AGGRESSIVE;
				GCC_WARN_UNUSED_FUNCTION = YES;
				GCC_WARN_UNUSED_VARIABLE = YES;
				IPHONEOS_DEPLOYMENT_TARGET = 13.6;
				MTL_ENABLE_DEBUG_INFO = INCLUDE_SOURCE;
				MTL_FAST_MATH = YES;
				ONLY_ACTIVE_ARCH = YES;
				SDKROOT = iphoneos;
				SWIFT_ACTIVE_COMPILATION_CONDITIONS = DEBUG;
				SWIFT_OPTIMIZATION_LEVEL = "-Onone";
			};
			name = Debug;
		};
		743918BE250A17C400EC1027 /* Release */ = {
			isa = XCBuildConfiguration;
			buildSettings = {
				ALWAYS_SEARCH_USER_PATHS = NO;
				CLANG_ANALYZER_NONNULL = YES;
				CLANG_ANALYZER_NUMBER_OBJECT_CONVERSION = YES_AGGRESSIVE;
				CLANG_CXX_LANGUAGE_STANDARD = "gnu++14";
				CLANG_CXX_LIBRARY = "libc++";
				CLANG_ENABLE_MODULES = YES;
				CLANG_ENABLE_OBJC_ARC = YES;
				CLANG_ENABLE_OBJC_WEAK = YES;
				CLANG_WARN_BLOCK_CAPTURE_AUTORELEASING = YES;
				CLANG_WARN_BOOL_CONVERSION = YES;
				CLANG_WARN_COMMA = YES;
				CLANG_WARN_CONSTANT_CONVERSION = YES;
				CLANG_WARN_DEPRECATED_OBJC_IMPLEMENTATIONS = YES;
				CLANG_WARN_DIRECT_OBJC_ISA_USAGE = YES_ERROR;
				CLANG_WARN_DOCUMENTATION_COMMENTS = YES;
				CLANG_WARN_EMPTY_BODY = YES;
				CLANG_WARN_ENUM_CONVERSION = YES;
				CLANG_WARN_INFINITE_RECURSION = YES;
				CLANG_WARN_INT_CONVERSION = YES;
				CLANG_WARN_NON_LITERAL_NULL_CONVERSION = YES;
				CLANG_WARN_OBJC_IMPLICIT_RETAIN_SELF = YES;
				CLANG_WARN_OBJC_LITERAL_CONVERSION = YES;
				CLANG_WARN_OBJC_ROOT_CLASS = YES_ERROR;
				CLANG_WARN_RANGE_LOOP_ANALYSIS = YES;
				CLANG_WARN_STRICT_PROTOTYPES = YES;
				CLANG_WARN_SUSPICIOUS_MOVE = YES;
				CLANG_WARN_UNGUARDED_AVAILABILITY = YES_AGGRESSIVE;
				CLANG_WARN_UNREACHABLE_CODE = YES;
				CLANG_WARN__DUPLICATE_METHOD_MATCH = YES;
				COPY_PHASE_STRIP = NO;
				DEBUG_INFORMATION_FORMAT = "dwarf-with-dsym";
				ENABLE_NS_ASSERTIONS = NO;
				ENABLE_STRICT_OBJC_MSGSEND = YES;
				GCC_C_LANGUAGE_STANDARD = gnu11;
				GCC_NO_COMMON_BLOCKS = YES;
				GCC_WARN_64_TO_32_BIT_CONVERSION = YES;
				GCC_WARN_ABOUT_RETURN_TYPE = YES_ERROR;
				GCC_WARN_UNDECLARED_SELECTOR = YES;
				GCC_WARN_UNINITIALIZED_AUTOS = YES_AGGRESSIVE;
				GCC_WARN_UNUSED_FUNCTION = YES;
				GCC_WARN_UNUSED_VARIABLE = YES;
				IPHONEOS_DEPLOYMENT_TARGET = 13.6;
				MTL_ENABLE_DEBUG_INFO = NO;
				MTL_FAST_MATH = YES;
				SDKROOT = iphoneos;
				SWIFT_COMPILATION_MODE = wholemodule;
				SWIFT_OPTIMIZATION_LEVEL = "-O";
				VALIDATE_PRODUCT = YES;
			};
			name = Release;
		};
		743918C0250A17C400EC1027 /* Debug */ = {
			isa = XCBuildConfiguration;
			buildSettings = {
				ASSETCATALOG_COMPILER_APPICON_NAME = AppIcon;
				CODE_SIGN_STYLE = Automatic;
				INFOPLIST_FILE = tip/Info.plist;
				LD_RUNPATH_SEARCH_PATHS = (
					"$(inherited)",
					"@executable_path/Frameworks",
				);
				PRODUCT_BUNDLE_IDENTIFIER = Codepath.tip;
				PRODUCT_NAME = "$(TARGET_NAME)";
				SWIFT_VERSION = 5.0;
				TARGETED_DEVICE_FAMILY = "1,2";
			};
			name = Debug;
		};
		743918C1250A17C400EC1027 /* Release */ = {
			isa = XCBuildConfiguration;
			buildSettings = {
				ASSETCATALOG_COMPILER_APPICON_NAME = AppIcon;
				CODE_SIGN_STYLE = Automatic;
				INFOPLIST_FILE = tip/Info.plist;
				LD_RUNPATH_SEARCH_PATHS = (
					"$(inherited)",
					"@executable_path/Frameworks",
				);
				PRODUCT_BUNDLE_IDENTIFIER = Codepath.tip;
				PRODUCT_NAME = "$(TARGET_NAME)";
				SWIFT_VERSION = 5.0;
				TARGETED_DEVICE_FAMILY = "1,2";
			};
			name = Release;
		};
		743918C3250A17C400EC1027 /* Debug */ = {
			isa = XCBuildConfiguration;
			buildSettings = {
				ALWAYS_EMBED_SWIFT_STANDARD_LIBRARIES = YES;
				BUNDLE_LOADER = "$(TEST_HOST)";
				CODE_SIGN_STYLE = Automatic;
				INFOPLIST_FILE = tipTests/Info.plist;
				IPHONEOS_DEPLOYMENT_TARGET = 13.6;
				LD_RUNPATH_SEARCH_PATHS = (
					"$(inherited)",
					"@executable_path/Frameworks",
					"@loader_path/Frameworks",
				);
				PRODUCT_BUNDLE_IDENTIFIER = Codepath.tipTests;
				PRODUCT_NAME = "$(TARGET_NAME)";
				SWIFT_VERSION = 5.0;
				TARGETED_DEVICE_FAMILY = "1,2";
				TEST_HOST = "$(BUILT_PRODUCTS_DIR)/tip.app/tip";
			};
			name = Debug;
		};
		743918C4250A17C400EC1027 /* Release */ = {
			isa = XCBuildConfiguration;
			buildSettings = {
				ALWAYS_EMBED_SWIFT_STANDARD_LIBRARIES = YES;
				BUNDLE_LOADER = "$(TEST_HOST)";
				CODE_SIGN_STYLE = Automatic;
				INFOPLIST_FILE = tipTests/Info.plist;
				IPHONEOS_DEPLOYMENT_TARGET = 13.6;
				LD_RUNPATH_SEARCH_PATHS = (
					"$(inherited)",
					"@executable_path/Frameworks",
					"@loader_path/Frameworks",
				);
				PRODUCT_BUNDLE_IDENTIFIER = Codepath.tipTests;
				PRODUCT_NAME = "$(TARGET_NAME)";
				SWIFT_VERSION = 5.0;
				TARGETED_DEVICE_FAMILY = "1,2";
				TEST_HOST = "$(BUILT_PRODUCTS_DIR)/tip.app/tip";
			};
			name = Release;
		};
		743918C6250A17C400EC1027 /* Debug */ = {
			isa = XCBuildConfiguration;
			buildSettings = {
				ALWAYS_EMBED_SWIFT_STANDARD_LIBRARIES = YES;
				CODE_SIGN_STYLE = Automatic;
				INFOPLIST_FILE = tipUITests/Info.plist;
				LD_RUNPATH_SEARCH_PATHS = (
					"$(inherited)",
					"@executable_path/Frameworks",
					"@loader_path/Frameworks",
				);
				PRODUCT_BUNDLE_IDENTIFIER = Codepath.tipUITests;
				PRODUCT_NAME = "$(TARGET_NAME)";
				SWIFT_VERSION = 5.0;
				TARGETED_DEVICE_FAMILY = "1,2";
				TEST_TARGET_NAME = tip;
			};
			name = Debug;
		};
		743918C7250A17C400EC1027 /* Release */ = {
			isa = XCBuildConfiguration;
			buildSettings = {
				ALWAYS_EMBED_SWIFT_STANDARD_LIBRARIES = YES;
				CODE_SIGN_STYLE = Automatic;
				INFOPLIST_FILE = tipUITests/Info.plist;
				LD_RUNPATH_SEARCH_PATHS = (
					"$(inherited)",
					"@executable_path/Frameworks",
					"@loader_path/Frameworks",
				);
				PRODUCT_BUNDLE_IDENTIFIER = Codepath.tipUITests;
				PRODUCT_NAME = "$(TARGET_NAME)";
				SWIFT_VERSION = 5.0;
				TARGETED_DEVICE_FAMILY = "1,2";
				TEST_TARGET_NAME = tip;
			};
			name = Release;
		};
/* End XCBuildConfiguration section */

/* Begin XCConfigurationList section */
		74391890250A17C100EC1027 /* Build configuration list for PBXProject "tip" */ = {
			isa = XCConfigurationList;
			buildConfigurations = (
				743918BD250A17C400EC1027 /* Debug */,
				743918BE250A17C400EC1027 /* Release */,
			);
			defaultConfigurationIsVisible = 0;
			defaultConfigurationName = Release;
		};
		743918BF250A17C400EC1027 /* Build configuration list for PBXNativeTarget "tip" */ = {
			isa = XCConfigurationList;
			buildConfigurations = (
				743918C0250A17C400EC1027 /* Debug */,
				743918C1250A17C400EC1027 /* Release */,
			);
			defaultConfigurationIsVisible = 0;
			defaultConfigurationName = Release;
		};
		743918C2250A17C400EC1027 /* Build configuration list for PBXNativeTarget "tipTests" */ = {
			isa = XCConfigurationList;
			buildConfigurations = (
				743918C3250A17C400EC1027 /* Debug */,
				743918C4250A17C400EC1027 /* Release */,
			);
			defaultConfigurationIsVisible = 0;
			defaultConfigurationName = Release;
		};
		743918C5250A17C400EC1027 /* Build configuration list for PBXNativeTarget "tipUITests" */ = {
			isa = XCConfigurationList;
			buildConfigurations = (
				743918C6250A17C400EC1027 /* Debug */,
				743918C7250A17C400EC1027 /* Release */,
			);
			defaultConfigurationIsVisible = 0;
			defaultConfigurationName = Release;
		};
/* End XCConfigurationList section */
	};
	rootObject = 7439188D250A17C100EC1027 /* Project object */;
}
